// !$*UTF8*$!
{
	archiveVersion = 1;
	classes = {
	};
	objectVersion = 56;
	objects = {

/* Begin PBXBuildFile section */
		D558F35F2C6BCE30000BE7EB /* LittleLemonMenuAppApp.swift in Sources */ = {isa = PBXBuildFile; fileRef = D558F35E2C6BCE30000BE7EB /* LittleLemonMenuAppApp.swift */; };
		D558F3612C6BCE30000BE7EB /* ContentView.swift in Sources */ = {isa = PBXBuildFile; fileRef = D558F3602C6BCE30000BE7EB /* ContentView.swift */; };
		D558F3632C6BCE33000BE7EB /* Assets.xcassets in Resources */ = {isa = PBXBuildFile; fileRef = D558F3622C6BCE33000BE7EB /* Assets.xcassets */; };
		D558F3662C6BCE33000BE7EB /* Preview Assets.xcassets in Resources */ = {isa = PBXBuildFile; fileRef = D558F3652C6BCE33000BE7EB /* Preview Assets.xcassets */; };
		D558F3682C6BCE33000BE7EB /* Persistence.swift in Sources */ = {isa = PBXBuildFile; fileRef = D558F3672C6BCE33000BE7EB /* Persistence.swift */; };
		D558F36B2C6BCE33000BE7EB /* LittleLemonMenuApp.xcdatamodeld in Sources */ = {isa = PBXBuildFile; fileRef = D558F3692C6BCE33000BE7EB /* LittleLemonMenuApp.xcdatamodeld */; };
		D558F3752C6BCE33000BE7EB /* LittleLemonMenuAppTests.swift in Sources */ = {isa = PBXBuildFile; fileRef = D558F3742C6BCE33000BE7EB /* LittleLemonMenuAppTests.swift */; };
		D558F37F2C6BCE33000BE7EB /* LittleLemonMenuAppUITests.swift in Sources */ = {isa = PBXBuildFile; fileRef = D558F37E2C6BCE33000BE7EB /* LittleLemonMenuAppUITests.swift */; };
		D558F3812C6BCE33000BE7EB /* LittleLemonMenuAppUITestsLaunchTests.swift in Sources */ = {isa = PBXBuildFile; fileRef = D558F3802C6BCE33000BE7EB /* LittleLemonMenuAppUITestsLaunchTests.swift */; };
		D558F3902C6BDEB2000BE7EB /* MenuItem.swift in Sources */ = {isa = PBXBuildFile; fileRef = D558F38F2C6BDEB2000BE7EB /* MenuItem.swift */; };
/* End PBXBuildFile section */

/* Begin PBXContainerItemProxy section */
		D558F3712C6BCE33000BE7EB /* PBXContainerItemProxy */ = {
			isa = PBXContainerItemProxy;
			containerPortal = D558F3532C6BCE30000BE7EB /* Project object */;
			proxyType = 1;
			remoteGlobalIDString = D558F35A2C6BCE30000BE7EB;
			remoteInfo = LittleLemonMenuApp;
		};
		D558F37B2C6BCE33000BE7EB /* PBXContainerItemProxy */ = {
			isa = PBXContainerItemProxy;
			containerPortal = D558F3532C6BCE30000BE7EB /* Project object */;
			proxyType = 1;
			remoteGlobalIDString = D558F35A2C6BCE30000BE7EB;
			remoteInfo = LittleLemonMenuApp;
		};
/* End PBXContainerItemProxy section */

/* Begin PBXFileReference section */
		D558F35B2C6BCE30000BE7EB /* LittleLemonMenuApp.app */ = {isa = PBXFileReference; explicitFileType = wrapper.application; includeInIndex = 0; path = LittleLemonMenuApp.app; sourceTree = BUILT_PRODUCTS_DIR; };
		D558F35E2C6BCE30000BE7EB /* LittleLemonMenuAppApp.swift */ = {isa = PBXFileReference; lastKnownFileType = sourcecode.swift; path = LittleLemonMenuAppApp.swift; sourceTree = "<group>"; };
		D558F3602C6BCE30000BE7EB /* ContentView.swift */ = {isa = PBXFileReference; lastKnownFileType = sourcecode.swift; path = ContentView.swift; sourceTree = "<group>"; };
		D558F3622C6BCE33000BE7EB /* Assets.xcassets */ = {isa = PBXFileReference; lastKnownFileType = folder.assetcatalog; path = Assets.xcassets; sourceTree = "<group>"; };
		D558F3652C6BCE33000BE7EB /* Preview Assets.xcassets */ = {isa = PBXFileReference; lastKnownFileType = folder.assetcatalog; path = "Preview Assets.xcassets"; sourceTree = "<group>"; };
		D558F3672C6BCE33000BE7EB /* Persistence.swift */ = {isa = PBXFileReference; lastKnownFileType = sourcecode.swift; path = Persistence.swift; sourceTree = "<group>"; };
		D558F36A2C6BCE33000BE7EB /* LittleLemonMenuApp.xcdatamodel */ = {isa = PBXFileReference; lastKnownFileType = wrapper.xcdatamodel; path = LittleLemonMenuApp.xcdatamodel; sourceTree = "<group>"; };
		D558F3702C6BCE33000BE7EB /* LittleLemonMenuAppTests.xctest */ = {isa = PBXFileReference; explicitFileType = wrapper.cfbundle; includeInIndex = 0; path = LittleLemonMenuAppTests.xctest; sourceTree = BUILT_PRODUCTS_DIR; };
		D558F3742C6BCE33000BE7EB /* LittleLemonMenuAppTests.swift */ = {isa = PBXFileReference; lastKnownFileType = sourcecode.swift; path = LittleLemonMenuAppTests.swift; sourceTree = "<group>"; };
		D558F37A2C6BCE33000BE7EB /* LittleLemonMenuAppUITests.xctest */ = {isa = PBXFileReference; explicitFileType = wrapper.cfbundle; includeInIndex = 0; path = LittleLemonMenuAppUITests.xctest; sourceTree = BUILT_PRODUCTS_DIR; };
		D558F37E2C6BCE33000BE7EB /* LittleLemonMenuAppUITests.swift */ = {isa = PBXFileReference; lastKnownFileType = sourcecode.swift; path = LittleLemonMenuAppUITests.swift; sourceTree = "<group>"; };
		D558F3802C6BCE33000BE7EB /* LittleLemonMenuAppUITestsLaunchTests.swift */ = {isa = PBXFileReference; lastKnownFileType = sourcecode.swift; path = LittleLemonMenuAppUITestsLaunchTests.swift; sourceTree = "<group>"; };
		D558F38F2C6BDEB2000BE7EB /* MenuItem.swift */ = {isa = PBXFileReference; lastKnownFileType = sourcecode.swift; path = MenuItem.swift; sourceTree = "<group>"; };
/* End PBXFileReference section */

/* Begin PBXFrameworksBuildPhase section */
		D558F3582C6BCE30000BE7EB /* Frameworks */ = {
			isa = PBXFrameworksBuildPhase;
			buildActionMask = 2147483647;
			files = (
			);
			runOnlyForDeploymentPostprocessing = 0;
		};
		D558F36D2C6BCE33000BE7EB /* Frameworks */ = {
			isa = PBXFrameworksBuildPhase;
			buildActionMask = 2147483647;
			files = (
			);
			runOnlyForDeploymentPostprocessing = 0;
		};
		D558F3772C6BCE33000BE7EB /* Frameworks */ = {
			isa = PBXFrameworksBuildPhase;
			buildActionMask = 2147483647;
			files = (
			);
			runOnlyForDeploymentPostprocessing = 0;
		};
/* End PBXFrameworksBuildPhase section */

/* Begin PBXGroup section */
		D558F3522C6BCE30000BE7EB = {
			isa = PBXGroup;
			children = (
				D558F35D2C6BCE30000BE7EB /* LittleLemonMenuApp */,
				D558F3732C6BCE33000BE7EB /* LittleLemonMenuAppTests */,
				D558F37D2C6BCE33000BE7EB /* LittleLemonMenuAppUITests */,
				D558F35C2C6BCE30000BE7EB /* Products */,
			);
			sourceTree = "<group>";
		};
		D558F35C2C6BCE30000BE7EB /* Products */ = {
			isa = PBXGroup;
			children = (
				D558F35B2C6BCE30000BE7EB /* LittleLemonMenuApp.app */,
				D558F3702C6BCE33000BE7EB /* LittleLemonMenuAppTests.xctest */,
				D558F37A2C6BCE33000BE7EB /* LittleLemonMenuAppUITests.xctest */,
			);
			name = Products;
			sourceTree = "<group>";
		};
		D558F35D2C6BCE30000BE7EB /* LittleLemonMenuApp */ = {
			isa = PBXGroup;
			children = (
				D558F38D2C6BDE61000BE7EB /* Model */,
				D558F38E2C6BDE69000BE7EB /* View */,
				D558F35E2C6BCE30000BE7EB /* LittleLemonMenuAppApp.swift */,
				D558F3622C6BCE33000BE7EB /* Assets.xcassets */,
				D558F3672C6BCE33000BE7EB /* Persistence.swift */,
				D558F3692C6BCE33000BE7EB /* LittleLemonMenuApp.xcdatamodeld */,
				D558F3642C6BCE33000BE7EB /* Preview Content */,
			);
			path = LittleLemonMenuApp;
			sourceTree = "<group>";
		};
		D558F3642C6BCE33000BE7EB /* Preview Content */ = {
			isa = PBXGroup;
			children = (
				D558F3652C6BCE33000BE7EB /* Preview Assets.xcassets */,
			);
			path = "Preview Content";
			sourceTree = "<group>";
		};
		D558F3732C6BCE33000BE7EB /* LittleLemonMenuAppTests */ = {
			isa = PBXGroup;
			children = (
				D558F3742C6BCE33000BE7EB /* LittleLemonMenuAppTests.swift */,
			);
			path = LittleLemonMenuAppTests;
			sourceTree = "<group>";
		};
		D558F37D2C6BCE33000BE7EB /* LittleLemonMenuAppUITests */ = {
			isa = PBXGroup;
			children = (
				D558F37E2C6BCE33000BE7EB /* LittleLemonMenuAppUITests.swift */,
				D558F3802C6BCE33000BE7EB /* LittleLemonMenuAppUITestsLaunchTests.swift */,
			);
			path = LittleLemonMenuAppUITests;
			sourceTree = "<group>";
		};
		D558F38D2C6BDE61000BE7EB /* Model */ = {
			isa = PBXGroup;
			children = (
				D558F38F2C6BDEB2000BE7EB /* MenuItem.swift */,
			);
			path = Model;
			sourceTree = "<group>";
		};
		D558F38E2C6BDE69000BE7EB /* View */ = {
			isa = PBXGroup;
			children = (
				D558F3602C6BCE30000BE7EB /* ContentView.swift */,
			);
			path = View;
			sourceTree = "<group>";
		};
/* End PBXGroup section */

/* Begin PBXNativeTarget section */
		D558F35A2C6BCE30000BE7EB /* LittleLemonMenuApp */ = {
			isa = PBXNativeTarget;
			buildConfigurationList = D558F3842C6BCE33000BE7EB /* Build configuration list for PBXNativeTarget "LittleLemonMenuApp" */;
			buildPhases = (
				D558F3572C6BCE30000BE7EB /* Sources */,
				D558F3582C6BCE30000BE7EB /* Frameworks */,
				D558F3592C6BCE30000BE7EB /* Resources */,
			);
			buildRules = (
			);
			dependencies = (
			);
			name = LittleLemonMenuApp;
			productName = LittleLemonMenuApp;
			productReference = D558F35B2C6BCE30000BE7EB /* LittleLemonMenuApp.app */;
			productType = "com.apple.product-type.application";
		};
		D558F36F2C6BCE33000BE7EB /* LittleLemonMenuAppTests */ = {
			isa = PBXNativeTarget;
			buildConfigurationList = D558F3872C6BCE33000BE7EB /* Build configuration list for PBXNativeTarget "LittleLemonMenuAppTests" */;
			buildPhases = (
				D558F36C2C6BCE33000BE7EB /* Sources */,
				D558F36D2C6BCE33000BE7EB /* Frameworks */,
				D558F36E2C6BCE33000BE7EB /* Resources */,
			);
			buildRules = (
			);
			dependencies = (
				D558F3722C6BCE33000BE7EB /* PBXTargetDependency */,
			);
			name = LittleLemonMenuAppTests;
			productName = LittleLemonMenuAppTests;
			productReference = D558F3702C6BCE33000BE7EB /* LittleLemonMenuAppTests.xctest */;
			productType = "com.apple.product-type.bundle.unit-test";
		};
		D558F3792C6BCE33000BE7EB /* LittleLemonMenuAppUITests */ = {
			isa = PBXNativeTarget;
			buildConfigurationList = D558F38A2C6BCE33000BE7EB /* Build configuration list for PBXNativeTarget "LittleLemonMenuAppUITests" */;
			buildPhases = (
				D558F3762C6BCE33000BE7EB /* Sources */,
				D558F3772C6BCE33000BE7EB /* Frameworks */,
				D558F3782C6BCE33000BE7EB /* Resources */,
			);
			buildRules = (
			);
			dependencies = (
				D558F37C2C6BCE33000BE7EB /* PBXTargetDependency */,
			);
			name = LittleLemonMenuAppUITests;
			productName = LittleLemonMenuAppUITests;
			productReference = D558F37A2C6BCE33000BE7EB /* LittleLemonMenuAppUITests.xctest */;
			productType = "com.apple.product-type.bundle.ui-testing";
		};
/* End PBXNativeTarget section */

/* Begin PBXProject section */
		D558F3532C6BCE30000BE7EB /* Project object */ = {
			isa = PBXProject;
			attributes = {
				BuildIndependentTargetsInParallel = 1;
				LastSwiftUpdateCheck = 1540;
				LastUpgradeCheck = 1540;
				TargetAttributes = {
					D558F35A2C6BCE30000BE7EB = {
						CreatedOnToolsVersion = 15.4;
					};
					D558F36F2C6BCE33000BE7EB = {
						CreatedOnToolsVersion = 15.4;
						TestTargetID = D558F35A2C6BCE30000BE7EB;
					};
					D558F3792C6BCE33000BE7EB = {
						CreatedOnToolsVersion = 15.4;
						TestTargetID = D558F35A2C6BCE30000BE7EB;
					};
				};
			};
			buildConfigurationList = D558F3562C6BCE30000BE7EB /* Build configuration list for PBXProject "LittleLemonMenuApp" */;
			compatibilityVersion = "Xcode 14.0";
			developmentRegion = en;
			hasScannedForEncodings = 0;
			knownRegions = (
				en,
				Base,
			);
			mainGroup = D558F3522C6BCE30000BE7EB;
			productRefGroup = D558F35C2C6BCE30000BE7EB /* Products */;
			projectDirPath = "";
			projectRoot = "";
			targets = (
				D558F35A2C6BCE30000BE7EB /* LittleLemonMenuApp */,
				D558F36F2C6BCE33000BE7EB /* LittleLemonMenuAppTests */,
				D558F3792C6BCE33000BE7EB /* LittleLemonMenuAppUITests */,
			);
		};
/* End PBXProject section */

/* Begin PBXResourcesBuildPhase section */
		D558F3592C6BCE30000BE7EB /* Resources */ = {
			isa = PBXResourcesBuildPhase;
			buildActionMask = 2147483647;
			files = (
				D558F3662C6BCE33000BE7EB /* Preview Assets.xcassets in Resources */,
				D558F3632C6BCE33000BE7EB /* Assets.xcassets in Resources */,
			);
			runOnlyForDeploymentPostprocessing = 0;
		};
		D558F36E2C6BCE33000BE7EB /* Resources */ = {
			isa = PBXResourcesBuildPhase;
			buildActionMask = 2147483647;
			files = (
			);
			runOnlyForDeploymentPostprocessing = 0;
		};
		D558F3782C6BCE33000BE7EB /* Resources */ = {
			isa = PBXResourcesBuildPhase;
			buildActionMask = 2147483647;
			files = (
			);
			runOnlyForDeploymentPostprocessing = 0;
		};
/* End PBXResourcesBuildPhase section */

/* Begin PBXSourcesBuildPhase section */
		D558F3572C6BCE30000BE7EB /* Sources */ = {
			isa = PBXSourcesBuildPhase;
			buildActionMask = 2147483647;
			files = (
				D558F3682C6BCE33000BE7EB /* Persistence.swift in Sources */,
				D558F3612C6BCE30000BE7EB /* ContentView.swift in Sources */,
				D558F36B2C6BCE33000BE7EB /* LittleLemonMenuApp.xcdatamodeld in Sources */,
				D558F35F2C6BCE30000BE7EB /* LittleLemonMenuAppApp.swift in Sources */,
				D558F3902C6BDEB2000BE7EB /* MenuItem.swift in Sources */,
			);
			runOnlyForDeploymentPostprocessing = 0;
		};
		D558F36C2C6BCE33000BE7EB /* Sources */ = {
			isa = PBXSourcesBuildPhase;
			buildActionMask = 2147483647;
			files = (
				D558F3752C6BCE33000BE7EB /* LittleLemonMenuAppTests.swift in Sources */,
			);
			runOnlyForDeploymentPostprocessing = 0;
		};
		D558F3762C6BCE33000BE7EB /* Sources */ = {
			isa = PBXSourcesBuildPhase;
			buildActionMask = 2147483647;
			files = (
				D558F37F2C6BCE33000BE7EB /* LittleLemonMenuAppUITests.swift in Sources */,
				D558F3812C6BCE33000BE7EB /* LittleLemonMenuAppUITestsLaunchTests.swift in Sources */,
			);
			runOnlyForDeploymentPostprocessing = 0;
		};
/* End PBXSourcesBuildPhase section */

/* Begin PBXTargetDependency section */
		D558F3722C6BCE33000BE7EB /* PBXTargetDependency */ = {
			isa = PBXTargetDependency;
			target = D558F35A2C6BCE30000BE7EB /* LittleLemonMenuApp */;
			targetProxy = D558F3712C6BCE33000BE7EB /* PBXContainerItemProxy */;
		};
		D558F37C2C6BCE33000BE7EB /* PBXTargetDependency */ = {
			isa = PBXTargetDependency;
			target = D558F35A2C6BCE30000BE7EB /* LittleLemonMenuApp */;
			targetProxy = D558F37B2C6BCE33000BE7EB /* PBXContainerItemProxy */;
		};
/* End PBXTargetDependency section */

/* Begin XCBuildConfiguration section */
		D558F3822C6BCE33000BE7EB /* Debug */ = {
			isa = XCBuildConfiguration;
			buildSettings = {
				ALWAYS_SEARCH_USER_PATHS = NO;
				ASSETCATALOG_COMPILER_GENERATE_SWIFT_ASSET_SYMBOL_EXTENSIONS = YES;
				CLANG_ANALYZER_NONNULL = YES;
				CLANG_ANALYZER_NUMBER_OBJECT_CONVERSION = YES_AGGRESSIVE;
				CLANG_CXX_LANGUAGE_STANDARD = "gnu++20";
				CLANG_ENABLE_MODULES = YES;
				CLANG_ENABLE_OBJC_ARC = YES;
				CLANG_ENABLE_OBJC_WEAK = YES;
				CLANG_WARN_BLOCK_CAPTURE_AUTORELEASING = YES;
				CLANG_WARN_BOOL_CONVERSION = YES;
				CLANG_WARN_COMMA = YES;
				CLANG_WARN_CONSTANT_CONVERSION = YES;
				CLANG_WARN_DEPRECATED_OBJC_IMPLEMENTATIONS = YES;
				CLANG_WARN_DIRECT_OBJC_ISA_USAGE = YES_ERROR;
				CLANG_WARN_DOCUMENTATION_COMMENTS = YES;
				CLANG_WARN_EMPTY_BODY = YES;
				CLANG_WARN_ENUM_CONVERSION = YES;
				CLANG_WARN_INFINITE_RECURSION = YES;
				CLANG_WARN_INT_CONVERSION = YES;
				CLANG_WARN_NON_LITERAL_NULL_CONVERSION = YES;
				CLANG_WARN_OBJC_IMPLICIT_RETAIN_SELF = YES;
				CLANG_WARN_OBJC_LITERAL_CONVERSION = YES;
				CLANG_WARN_OBJC_ROOT_CLASS = YES_ERROR;
				CLANG_WARN_QUOTED_INCLUDE_IN_FRAMEWORK_HEADER = YES;
				CLANG_WARN_RANGE_LOOP_ANALYSIS = YES;
				CLANG_WARN_STRICT_PROTOTYPES = YES;
				CLANG_WARN_SUSPICIOUS_MOVE = YES;
				CLANG_WARN_UNGUARDED_AVAILABILITY = YES_AGGRESSIVE;
				CLANG_WARN_UNREACHABLE_CODE = YES;
				CLANG_WARN__DUPLICATE_METHOD_MATCH = YES;
				COPY_PHASE_STRIP = NO;
				DEBUG_INFORMATION_FORMAT = dwarf;
				ENABLE_STRICT_OBJC_MSGSEND = YES;
				ENABLE_TESTABILITY = YES;
				ENABLE_USER_SCRIPT_SANDBOXING = YES;
				GCC_C_LANGUAGE_STANDARD = gnu17;
				GCC_DYNAMIC_NO_PIC = NO;
				GCC_NO_COMMON_BLOCKS = YES;
				GCC_OPTIMIZATION_LEVEL = 0;
				GCC_PREPROCESSOR_DEFINITIONS = (
					"DEBUG=1",
					"$(inherited)",
				);
				GCC_WARN_64_TO_32_BIT_CONVERSION = YES;
				GCC_WARN_ABOUT_RETURN_TYPE = YES_ERROR;
				GCC_WARN_UNDECLARED_SELECTOR = YES;
				GCC_WARN_UNINITIALIZED_AUTOS = YES_AGGRESSIVE;
				GCC_WARN_UNUSED_FUNCTION = YES;
				GCC_WARN_UNUSED_VARIABLE = YES;
				IPHONEOS_DEPLOYMENT_TARGET = 17.5;
				LOCALIZATION_PREFERS_STRING_CATALOGS = YES;
				MTL_ENABLE_DEBUG_INFO = INCLUDE_SOURCE;
				MTL_FAST_MATH = YES;
				ONLY_ACTIVE_ARCH = YES;
				SDKROOT = iphoneos;
				SWIFT_ACTIVE_COMPILATION_CONDITIONS = "DEBUG $(inherited)";
				SWIFT_OPTIMIZATION_LEVEL = "-Onone";
			};
			name = Debug;
		};
		D558F3832C6BCE33000BE7EB /* Release */ = {
			isa = XCBuildConfiguration;
			buildSettings = {
				ALWAYS_SEARCH_USER_PATHS = NO;
				ASSETCATALOG_COMPILER_GENERATE_SWIFT_ASSET_SYMBOL_EXTENSIONS = YES;
				CLANG_ANALYZER_NONNULL = YES;
				CLANG_ANALYZER_NUMBER_OBJECT_CONVERSION = YES_AGGRESSIVE;
				CLANG_CXX_LANGUAGE_STANDARD = "gnu++20";
				CLANG_ENABLE_MODULES = YES;
				CLANG_ENABLE_OBJC_ARC = YES;
				CLANG_ENABLE_OBJC_WEAK = YES;
				CLANG_WARN_BLOCK_CAPTURE_AUTORELEASING = YES;
				CLANG_WARN_BOOL_CONVERSION = YES;
				CLANG_WARN_COMMA = YES;
				CLANG_WARN_CONSTANT_CONVERSION = YES;
				CLANG_WARN_DEPRECATED_OBJC_IMPLEMENTATIONS = YES;
				CLANG_WARN_DIRECT_OBJC_ISA_USAGE = YES_ERROR;
				CLANG_WARN_DOCUMENTATION_COMMENTS = YES;
				CLANG_WARN_EMPTY_BODY = YES;
				CLANG_WARN_ENUM_CONVERSION = YES;
				CLANG_WARN_INFINITE_RECURSION = YES;
				CLANG_WARN_INT_CONVERSION = YES;
				CLANG_WARN_NON_LITERAL_NULL_CONVERSION = YES;
				CLANG_WARN_OBJC_IMPLICIT_RETAIN_SELF = YES;
				CLANG_WARN_OBJC_LITERAL_CONVERSION = YES;
				CLANG_WARN_OBJC_ROOT_CLASS = YES_ERROR;
				CLANG_WARN_QUOTED_INCLUDE_IN_FRAMEWORK_HEADER = YES;
				CLANG_WARN_RANGE_LOOP_ANALYSIS = YES;
				CLANG_WARN_STRICT_PROTOTYPES = YES;
				CLANG_WARN_SUSPICIOUS_MOVE = YES;
				CLANG_WARN_UNGUARDED_AVAILABILITY = YES_AGGRESSIVE;
				CLANG_WARN_UNREACHABLE_CODE = YES;
				CLANG_WARN__DUPLICATE_METHOD_MATCH = YES;
				COPY_PHASE_STRIP = NO;
				DEBUG_INFORMATION_FORMAT = "dwarf-with-dsym";
				ENABLE_NS_ASSERTIONS = NO;
				ENABLE_STRICT_OBJC_MSGSEND = YES;
				ENABLE_USER_SCRIPT_SANDBOXING = YES;
				GCC_C_LANGUAGE_STANDARD = gnu17;
				GCC_NO_COMMON_BLOCKS = YES;
				GCC_WARN_64_TO_32_BIT_CONVERSION = YES;
				GCC_WARN_ABOUT_RETURN_TYPE = YES_ERROR;
				GCC_WARN_UNDECLARED_SELECTOR = YES;
				GCC_WARN_UNINITIALIZED_AUTOS = YES_AGGRESSIVE;
				GCC_WARN_UNUSED_FUNCTION = YES;
				GCC_WARN_UNUSED_VARIABLE = YES;
				IPHONEOS_DEPLOYMENT_TARGET = 17.5;
				LOCALIZATION_PREFERS_STRING_CATALOGS = YES;
				MTL_ENABLE_DEBUG_INFO = NO;
				MTL_FAST_MATH = YES;
				SDKROOT = iphoneos;
				SWIFT_COMPILATION_MODE = wholemodule;
				VALIDATE_PRODUCT = YES;
			};
			name = Release;
		};
		D558F3852C6BCE33000BE7EB /* Debug */ = {
			isa = XCBuildConfiguration;
			buildSettings = {
				ASSETCATALOG_COMPILER_APPICON_NAME = AppIcon;
				ASSETCATALOG_COMPILER_GLOBAL_ACCENT_COLOR_NAME = AccentColor;
				CODE_SIGN_STYLE = Automatic;
				CURRENT_PROJECT_VERSION = 1;
				DEVELOPMENT_ASSET_PATHS = "\"LittleLemonMenuApp/Preview Content\"";
				DEVELOPMENT_TEAM = J6HQ2444HR;
				ENABLE_PREVIEWS = YES;
				GENERATE_INFOPLIST_FILE = YES;
				INFOPLIST_KEY_UIApplicationSceneManifest_Generation = YES;
				INFOPLIST_KEY_UIApplicationSupportsIndirectInputEvents = YES;
				INFOPLIST_KEY_UILaunchScreen_Generation = YES;
				INFOPLIST_KEY_UISupportedInterfaceOrientations_iPad = "UIInterfaceOrientationPortrait UIInterfaceOrientationPortraitUpsideDown UIInterfaceOrientationLandscapeLeft UIInterfaceOrientationLandscapeRight";
				INFOPLIST_KEY_UISupportedInterfaceOrientations_iPhone = "UIInterfaceOrientationPortrait UIInterfaceOrientationLandscapeLeft UIInterfaceOrientationLandscapeRight";
				LD_RUNPATH_SEARCH_PATHS = (
					"$(inherited)",
					"@executable_path/Frameworks",
				);
				MARKETING_VERSION = 1.0;
				PRODUCT_BUNDLE_IDENTIFIER = com.navya.LittleLemonMenuApp;
				PRODUCT_NAME = "$(TARGET_NAME)";
				SWIFT_EMIT_LOC_STRINGS = YES;
				SWIFT_VERSION = 5.0;
				TARGETED_DEVICE_FAMILY = "1,2";
			};
			name = Debug;
		};
		D558F3862C6BCE33000BE7EB /* Release */ = {
			isa = XCBuildConfiguration;
			buildSettings = {
				ASSETCATALOG_COMPILER_APPICON_NAME = AppIcon;
				ASSETCATALOG_COMPILER_GLOBAL_ACCENT_COLOR_NAME = AccentColor;
				CODE_SIGN_STYLE = Automatic;
				CURRENT_PROJECT_VERSION = 1;
				DEVELOPMENT_ASSET_PATHS = "\"LittleLemonMenuApp/Preview Content\"";
				DEVELOPMENT_TEAM = J6HQ2444HR;
				ENABLE_PREVIEWS = YES;
				GENERATE_INFOPLIST_FILE = YES;
				INFOPLIST_KEY_UIApplicationSceneManifest_Generation = YES;
				INFOPLIST_KEY_UIApplicationSupportsIndirectInputEvents = YES;
				INFOPLIST_KEY_UILaunchScreen_Generation = YES;
				INFOPLIST_KEY_UISupportedInterfaceOrientations_iPad = "UIInterfaceOrientationPortrait UIInterfaceOrientationPortraitUpsideDown UIInterfaceOrientationLandscapeLeft UIInterfaceOrientationLandscapeRight";
				INFOPLIST_KEY_UISupportedInterfaceOrientations_iPhone = "UIInterfaceOrientationPortrait UIInterfaceOrientationLandscapeLeft UIInterfaceOrientationLandscapeRight";
				LD_RUNPATH_SEARCH_PATHS = (
					"$(inherited)",
					"@executable_path/Frameworks",
				);
				MARKETING_VERSION = 1.0;
				PRODUCT_BUNDLE_IDENTIFIER = com.navya.LittleLemonMenuApp;
				PRODUCT_NAME = "$(TARGET_NAME)";
				SWIFT_EMIT_LOC_STRINGS = YES;
				SWIFT_VERSION = 5.0;
				TARGETED_DEVICE_FAMILY = "1,2";
			};
			name = Release;
		};
		D558F3882C6BCE33000BE7EB /* Debug */ = {
			isa = XCBuildConfiguration;
			buildSettings = {
				ALWAYS_EMBED_SWIFT_STANDARD_LIBRARIES = YES;
				BUNDLE_LOADER = "$(TEST_HOST)";
				CODE_SIGN_STYLE = Automatic;
				CURRENT_PROJECT_VERSION = 1;
				DEVELOPMENT_TEAM = J6HQ2444HR;
				GENERATE_INFOPLIST_FILE = YES;
				IPHONEOS_DEPLOYMENT_TARGET = 17.5;
				MARKETING_VERSION = 1.0;
				PRODUCT_BUNDLE_IDENTIFIER = com.navya.LittleLemonMenuAppTests;
				PRODUCT_NAME = "$(TARGET_NAME)";
				SWIFT_EMIT_LOC_STRINGS = NO;
				SWIFT_VERSION = 5.0;
				TARGETED_DEVICE_FAMILY = "1,2";
				TEST_HOST = "$(BUILT_PRODUCTS_DIR)/LittleLemonMenuApp.app/$(BUNDLE_EXECUTABLE_FOLDER_PATH)/LittleLemonMenuApp";
			};
			name = Debug;
		};
		D558F3892C6BCE33000BE7EB /* Release */ = {
			isa = XCBuildConfiguration;
			buildSettings = {
				ALWAYS_EMBED_SWIFT_STANDARD_LIBRARIES = YES;
				BUNDLE_LOADER = "$(TEST_HOST)";
				CODE_SIGN_STYLE = Automatic;
				CURRENT_PROJECT_VERSION = 1;
				DEVELOPMENT_TEAM = J6HQ2444HR;
				GENERATE_INFOPLIST_FILE = YES;
				IPHONEOS_DEPLOYMENT_TARGET = 17.5;
				MARKETING_VERSION = 1.0;
				PRODUCT_BUNDLE_IDENTIFIER = com.navya.LittleLemonMenuAppTests;
				PRODUCT_NAME = "$(TARGET_NAME)";
				SWIFT_EMIT_LOC_STRINGS = NO;
				SWIFT_VERSION = 5.0;
				TARGETED_DEVICE_FAMILY = "1,2";
				TEST_HOST = "$(BUILT_PRODUCTS_DIR)/LittleLemonMenuApp.app/$(BUNDLE_EXECUTABLE_FOLDER_PATH)/LittleLemonMenuApp";
			};
			name = Release;
		};
		D558F38B2C6BCE33000BE7EB /* Debug */ = {
			isa = XCBuildConfiguration;
			buildSettings = {
				ALWAYS_EMBED_SWIFT_STANDARD_LIBRARIES = YES;
				CODE_SIGN_STYLE = Automatic;
				CURRENT_PROJECT_VERSION = 1;
				DEVELOPMENT_TEAM = J6HQ2444HR;
				GENERATE_INFOPLIST_FILE = YES;
				MARKETING_VERSION = 1.0;
				PRODUCT_BUNDLE_IDENTIFIER = com.navya.LittleLemonMenuAppUITests;
				PRODUCT_NAME = "$(TARGET_NAME)";
				SWIFT_EMIT_LOC_STRINGS = NO;
				SWIFT_VERSION = 5.0;
				TARGETED_DEVICE_FAMILY = "1,2";
				TEST_TARGET_NAME = LittleLemonMenuApp;
			};
			name = Debug;
		};
		D558F38C2C6BCE33000BE7EB /* Release */ = {
			isa = XCBuildConfiguration;
			buildSettings = {
				ALWAYS_EMBED_SWIFT_STANDARD_LIBRARIES = YES;
				CODE_SIGN_STYLE = Automatic;
				CURRENT_PROJECT_VERSION = 1;
				DEVELOPMENT_TEAM = J6HQ2444HR;
				GENERATE_INFOPLIST_FILE = YES;
				MARKETING_VERSION = 1.0;
				PRODUCT_BUNDLE_IDENTIFIER = com.navya.LittleLemonMenuAppUITests;
				PRODUCT_NAME = "$(TARGET_NAME)";
				SWIFT_EMIT_LOC_STRINGS = NO;
				SWIFT_VERSION = 5.0;
				TARGETED_DEVICE_FAMILY = "1,2";
				TEST_TARGET_NAME = LittleLemonMenuApp;
			};
			name = Release;
		};
/* End XCBuildConfiguration section */

/* Begin XCConfigurationList section */
		D558F3562C6BCE30000BE7EB /* Build configuration list for PBXProject "LittleLemonMenuApp" */ = {
			isa = XCConfigurationList;
			buildConfigurations = (
				D558F3822C6BCE33000BE7EB /* Debug */,
				D558F3832C6BCE33000BE7EB /* Release */,
			);
			defaultConfigurationIsVisible = 0;
			defaultConfigurationName = Release;
		};
		D558F3842C6BCE33000BE7EB /* Build configuration list for PBXNativeTarget "LittleLemonMenuApp" */ = {
			isa = XCConfigurationList;
			buildConfigurations = (
				D558F3852C6BCE33000BE7EB /* Debug */,
				D558F3862C6BCE33000BE7EB /* Release */,
			);
			defaultConfigurationIsVisible = 0;
			defaultConfigurationName = Release;
		};
		D558F3872C6BCE33000BE7EB /* Build configuration list for PBXNativeTarget "LittleLemonMenuAppTests" */ = {
			isa = XCConfigurationList;
			buildConfigurations = (
				D558F3882C6BCE33000BE7EB /* Debug */,
				D558F3892C6BCE33000BE7EB /* Release */,
			);
			defaultConfigurationIsVisible = 0;
			defaultConfigurationName = Release;
		};
		D558F38A2C6BCE33000BE7EB /* Build configuration list for PBXNativeTarget "LittleLemonMenuAppUITests" */ = {
			isa = XCConfigurationList;
			buildConfigurations = (
				D558F38B2C6BCE33000BE7EB /* Debug */,
				D558F38C2C6BCE33000BE7EB /* Release */,
			);
			defaultConfigurationIsVisible = 0;
			defaultConfigurationName = Release;
		};
/* End XCConfigurationList section */

/* Begin XCVersionGroup section */
		D558F3692C6BCE33000BE7EB /* LittleLemonMenuApp.xcdatamodeld */ = {
			isa = XCVersionGroup;
			children = (
				D558F36A2C6BCE33000BE7EB /* LittleLemonMenuApp.xcdatamodel */,
			);
			currentVersion = D558F36A2C6BCE33000BE7EB /* LittleLemonMenuApp.xcdatamodel */;
			path = LittleLemonMenuApp.xcdatamodeld;
			sourceTree = "<group>";
			versionGroupType = wrapper.xcdatamodel;
		};
/* End XCVersionGroup section */
	};
	rootObject = D558F3532C6BCE30000BE7EB /* Project object */;
}
